
Microsoft Visual Studio Solution File, Format Version 12.00
# Visual Studio Version 16
VisualStudioVersion = 16.0.29409.12
MinimumVisualStudioVersion = 10.0.40219.1
Project("{FAE04EC0-301F-11D3-BF4B-00C04F79EFBC}") = "MyAwesomeProject.UWP", "MyAwesomeProject\MyAwesomeProject.UWP\MyAwesomeProject.UWP.csproj", "{E1F2B169-3DCD-4133-857C-1C35756D8215}"
EndProject
Project("{FAE04EC0-301F-11D3-BF4B-00C04F79EFBC}") = "MyAwesomeProject.Android", "MyAwesomeProject\MyAwesomeProject.Android\MyAwesomeProject.Android.csproj", "{37CC7C1C-AEE5-4698-B32A-23DE2E86FFDD}"
EndProject
Project("{FAE04EC0-301F-11D3-BF4B-00C04F79EFBC}") = "MyAwesomeProject.iOS", "MyAwesomeProject\MyAwesomeProject.iOS\MyAwesomeProject.iOS.csproj", "{7DAA6CD6-0672-4C45-AB6B-2D35FDD0C68D}"
EndProject
Project("{9A19103F-16F7-4668-BE54-9A1E7A4F7556}") = "MyAwesomeProject", "MyAwesomeProject\MyAwesomeProject\MyAwesomeProject.csproj", "{3929FA42-A8BF-46FE-AD5F-A23074B51F4E}"
EndProject
Project("{2150E333-8FDC-42A3-9474-1A3956D46DE8}") = "Solution Items", "Solution Items", "{51647E27-6C97-48E4-8296-67658D934F5F}"
	ProjectSection(SolutionItems) = preProject
		readme.md = readme.md
	EndProjectSection
EndProject
Global
	GlobalSection(SolutionConfigurationPlatforms) = preSolution
		Debug|Any CPU = Debug|Any CPU
		Debug|ARM = Debug|ARM
		Debug|iPhone = Debug|iPhone
		Debug|iPhoneSimulator = Debug|iPhoneSimulator
		Debug|x64 = Debug|x64
		Debug|x86 = Debug|x86
		Release|Any CPU = Release|Any CPU
		Release|ARM = Release|ARM
		Release|iPhone = Release|iPhone
		Release|iPhoneSimulator = Release|iPhoneSimulator
		Release|x64 = Release|x64
		Release|x86 = Release|x86
	EndGlobalSection
	GlobalSection(ProjectConfigurationPlatforms) = postSolution
		{E1F2B169-3DCD-4133-857C-1C35756D8215}.Debug|Any CPU.ActiveCfg = Debug|x86
		{E1F2B169-3DCD-4133-857C-1C35756D8215}.Debug|Any CPU.Build.0 = Debug|x86
		{E1F2B169-3DCD-4133-857C-1C35756D8215}.Debug|Any CPU.Deploy.0 = Debug|x86
		{E1F2B169-3DCD-4133-857C-1C35756D8215}.Debug|ARM.ActiveCfg = Debug|ARM
		{E1F2B169-3DCD-4133-857C-1C35756D8215}.Debug|ARM.Build.0 = Debug|ARM
		{E1F2B169-3DCD-4133-857C-1C35756D8215}.Debug|ARM.Deploy.0 = Debug|ARM
		{E1F2B169-3DCD-4133-857C-1C35756D8215}.Debug|iPhone.ActiveCfg = Debug|x86
		{E1F2B169-3DCD-4133-857C-1C35756D8215}.Debug|iPhone.Build.0 = Debug|x86
		{E1F2B169-3DCD-4133-857C-1C35756D8215}.Debug|iPhone.Deploy.0 = Debug|x86
		{E1F2B169-3DCD-4133-857C-1C35756D8215}.Debug|iPhoneSimulator.ActiveCfg = Debug|x86
		{E1F2B169-3DCD-4133-857C-1C35756D8215}.Debug|iPhoneSimulator.Build.0 = Debug|x86
		{E1F2B169-3DCD-4133-857C-1C35756D8215}.Debug|iPhoneSimulator.Deploy.0 = Debug|x86
		{E1F2B169-3DCD-4133-857C-1C35756D8215}.Debug|x64.ActiveCfg = Debug|x64
		{E1F2B169-3DCD-4133-857C-1C35756D8215}.Debug|x64.Build.0 = Debug|x64
		{E1F2B169-3DCD-4133-857C-1C35756D8215}.Debug|x64.Deploy.0 = Debug|x64
		{E1F2B169-3DCD-4133-857C-1C35756D8215}.Debug|x86.ActiveCfg = Debug|x86
		{E1F2B169-3DCD-4133-857C-1C35756D8215}.Debug|x86.Build.0 = Debug|x86
		{E1F2B169-3DCD-4133-857C-1C35756D8215}.Debug|x86.Deploy.0 = Debug|x86
		{E1F2B169-3DCD-4133-857C-1C35756D8215}.Release|Any CPU.ActiveCfg = Release|x86
		{E1F2B169-3DCD-4133-857C-1C35756D8215}.Release|Any CPU.Build.0 = Release|x86
		{E1F2B169-3DCD-4133-857C-1C35756D8215}.Release|Any CPU.Deploy.0 = Release|x86
		{E1F2B169-3DCD-4133-857C-1C35756D8215}.Release|ARM.ActiveCfg = Release|ARM
		{E1F2B169-3DCD-4133-857C-1C35756D8215}.Release|ARM.Build.0 = Release|ARM
		{E1F2B169-3DCD-4133-857C-1C35756D8215}.Release|ARM.Deploy.0 = Release|ARM
		{E1F2B169-3DCD-4133-857C-1C35756D8215}.Release|iPhone.ActiveCfg = Release|x86
		{E1F2B169-3DCD-4133-857C-1C35756D8215}.Release|iPhone.Build.0 = Release|x86
		{E1F2B169-3DCD-4133-857C-1C35756D8215}.Release|iPhone.Deploy.0 = Release|x86
		{E1F2B169-3DCD-4133-857C-1C35756D8215}.Release|iPhoneSimulator.ActiveCfg = Release|x86
		{E1F2B169-3DCD-4133-857C-1C35756D8215}.Release|iPhoneSimulator.Build.0 = Release|x86
		{E1F2B169-3DCD-4133-857C-1C35756D8215}.Release|iPhoneSimulator.Deploy.0 = Release|x86
		{E1F2B169-3DCD-4133-857C-1C35756D8215}.Release|x64.ActiveCfg = Release|x64
		{E1F2B169-3DCD-4133-857C-1C35756D8215}.Release|x64.Build.0 = Release|x64
		{E1F2B169-3DCD-4133-857C-1C35756D8215}.Release|x64.Deploy.0 = Release|x64
		{E1F2B169-3DCD-4133-857C-1C35756D8215}.Release|x86.ActiveCfg = Release|x86
		{E1F2B169-3DCD-4133-857C-1C35756D8215}.Release|x86.Build.0 = Release|x86
		{E1F2B169-3DCD-4133-857C-1C35756D8215}.Release|x86.Deploy.0 = Release|x86
		{37CC7C1C-AEE5-4698-B32A-23DE2E86FFDD}.Debug|Any CPU.ActiveCfg = Debug|Any CPU
		{37CC7C1C-AEE5-4698-B32A-23DE2E86FFDD}.Debug|Any CPU.Build.0 = Debug|Any CPU
		{37CC7C1C-AEE5-4698-B32A-23DE2E86FFDD}.Debug|Any CPU.Deploy.0 = Debug|Any CPU
		{37CC7C1C-AEE5-4698-B32A-23DE2E86FFDD}.Debug|ARM.ActiveCfg = Debug|Any CPU
		{37CC7C1C-AEE5-4698-B32A-23DE2E86FFDD}.Debug|ARM.Build.0 = Debug|Any CPU
		{37CC7C1C-AEE5-4698-B32A-23DE2E86FFDD}.Debug|ARM.Deploy.0 = Debug|Any CPU
		{37CC7C1C-AEE5-4698-B32A-23DE2E86FFDD}.Debug|iPhone.ActiveCfg = Debug|Any CPU
		{37CC7C1C-AEE5-4698-B32A-23DE2E86FFDD}.Debug|iPhone.Build.0 = Debug|Any CPU
		{37CC7C1C-AEE5-4698-B32A-23DE2E86FFDD}.Debug|iPhone.Deploy.0 = Debug|Any CPU
		{37CC7C1C-AEE5-4698-B32A-23DE2E86FFDD}.Debug|iPhoneSimulator.ActiveCfg = Debug|Any CPU
		{37CC7C1C-AEE5-4698-B32A-23DE2E86FFDD}.Debug|iPhoneSimulator.Build.0 = Debug|Any CPU
		{37CC7C1C-AEE5-4698-B32A-23DE2E86FFDD}.Debug|iPhoneSimulator.Deploy.0 = Debug|Any CPU
		{37CC7C1C-AEE5-4698-B32A-23DE2E86FFDD}.Debug|x64.ActiveCfg = Debug|Any CPU
		{37CC7C1C-AEE5-4698-B32A-23DE2E86FFDD}.Debug|x64.Build.0 = Debug|Any CPU
		{37CC7C1C-AEE5-4698-B32A-23DE2E86FFDD}.Debug|x64.Deploy.0 = Debug|Any CPU
		{37CC7C1C-AEE5-4698-B32A-23DE2E86FFDD}.Debug|x86.ActiveCfg = Debug|Any CPU
		{37CC7C1C-AEE5-4698-B32A-23DE2E86FFDD}.Debug|x86.Build.0 = Debug|Any CPU
		{37CC7C1C-AEE5-4698-B32A-23DE2E86FFDD}.Debug|x86.Deploy.0 = Debug|Any CPU
		{37CC7C1C-AEE5-4698-B32A-23DE2E86FFDD}.Release|Any CPU.ActiveCfg = Release|Any CPU
		{37CC7C1C-AEE5-4698-B32A-23DE2E86FFDD}.Release|Any CPU.Build.0 = Release|Any CPU
		{37CC7C1C-AEE5-4698-B32A-23DE2E86FFDD}.Release|Any CPU.Deploy.0 = Release|Any CPU
		{37CC7C1C-AEE5-4698-B32A-23DE2E86FFDD}.Release|ARM.ActiveCfg = Release|Any CPU
		{37CC7C1C-AEE5-4698-B32A-23DE2E86FFDD}.Release|ARM.Build.0 = Release|Any CPU
		{37CC7C1C-AEE5-4698-B32A-23DE2E86FFDD}.Release|ARM.Deploy.0 = Release|Any CPU
		{37CC7C1C-AEE5-4698-B32A-23DE2E86FFDD}.Release|iPhone.ActiveCfg = Release|Any CPU
		{37CC7C1C-AEE5-4698-B32A-23DE2E86FFDD}.Release|iPhone.Build.0 = Release|Any CPU
		{37CC7C1C-AEE5-4698-B32A-23DE2E86FFDD}.Release|iPhone.Deploy.0 = Release|Any CPU
		{37CC7C1C-AEE5-4698-B32A-23DE2E86FFDD}.Release|iPhoneSimulator.ActiveCfg = Release|Any CPU
		{37CC7C1C-AEE5-4698-B32A-23DE2E86FFDD}.Release|iPhoneSimulator.Build.0 = Release|Any CPU
		{37CC7C1C-AEE5-4698-B32A-23DE2E86FFDD}.Release|iPhoneSimulator.Deploy.0 = Release|Any CPU
		{37CC7C1C-AEE5-4698-B32A-23DE2E86FFDD}.Release|x64.ActiveCfg = Release|Any CPU
		{37CC7C1C-AEE5-4698-B32A-23DE2E86FFDD}.Release|x64.Build.0 = Release|Any CPU
		{37CC7C1C-AEE5-4698-B32A-23DE2E86FFDD}.Release|x64.Deploy.0 = Release|Any CPU
		{37CC7C1C-AEE5-4698-B32A-23DE2E86FFDD}.Release|x86.ActiveCfg = Release|Any CPU
		{37CC7C1C-AEE5-4698-B32A-23DE2E86FFDD}.Release|x86.Build.0 = Release|Any CPU
		{37CC7C1C-AEE5-4698-B32A-23DE2E86FFDD}.Release|x86.Deploy.0 = Release|Any CPU
		{7DAA6CD6-0672-4C45-AB6B-2D35FDD0C68D}.Debug|Any CPU.ActiveCfg = Debug|iPhone
		{7DAA6CD6-0672-4C45-AB6B-2D35FDD0C68D}.Debug|Any CPU.Build.0 = Debug|iPhone
		{7DAA6CD6-0672-4C45-AB6B-2D35FDD0C68D}.Debug|Any CPU.Deploy.0 = Debug|iPhone
		{7DAA6CD6-0672-4C45-AB6B-2D35FDD0C68D}.Debug|ARM.ActiveCfg = Debug|iPhoneSimulator
		{7DAA6CD6-0672-4C45-AB6B-2D35FDD0C68D}.Debug|ARM.Build.0 = Debug|iPhoneSimulator
		{7DAA6CD6-0672-4C45-AB6B-2D35FDD0C68D}.Debug|ARM.Deploy.0 = Debug|iPhoneSimulator
		{7DAA6CD6-0672-4C45-AB6B-2D35FDD0C68D}.Debug|iPhone.ActiveCfg = Debug|iPhone
		{7DAA6CD6-0672-4C45-AB6B-2D35FDD0C68D}.Debug|iPhone.Build.0 = Debug|iPhone
		{7DAA6CD6-0672-4C45-AB6B-2D35FDD0C68D}.Debug|iPhone.Deploy.0 = Debug|iPhone
		{7DAA6CD6-0672-4C45-AB6B-2D35FDD0C68D}.Debug|iPhoneSimulator.ActiveCfg = Debug|iPhoneSimulator
		{7DAA6CD6-0672-4C45-AB6B-2D35FDD0C68D}.Debug|iPhoneSimulator.Build.0 = Debug|iPhoneSimulator
		{7DAA6CD6-0672-4C45-AB6B-2D35FDD0C68D}.Debug|iPhoneSimulator.Deploy.0 = Debug|iPhoneSimulator
		{7DAA6CD6-0672-4C45-AB6B-2D35FDD0C68D}.Debug|x64.ActiveCfg = Debug|iPhone
		{7DAA6CD6-0672-4C45-AB6B-2D35FDD0C68D}.Debug|x64.Build.0 = Debug|iPhone
		{7DAA6CD6-0672-4C45-AB6B-2D35FDD0C68D}.Debug|x64.Deploy.0 = Debug|iPhone
		{7DAA6CD6-0672-4C45-AB6B-2D35FDD0C68D}.Debug|x86.ActiveCfg = Debug|iPhone
		{7DAA6CD6-0672-4C45-AB6B-2D35FDD0C68D}.Debug|x86.Build.0 = Debug|iPhone
		{7DAA6CD6-0672-4C45-AB6B-2D35FDD0C68D}.Debug|x86.Deploy.0 = Debug|iPhone
		{7DAA6CD6-0672-4C45-AB6B-2D35FDD0C68D}.Release|Any CPU.ActiveCfg = Release|iPhone
		{7DAA6CD6-0672-4C45-AB6B-2D35FDD0C68D}.Release|Any CPU.Build.0 = Release|iPhone
		{7DAA6CD6-0672-4C45-AB6B-2D35FDD0C68D}.Release|Any CPU.Deploy.0 = Release|iPhone
		{7DAA6CD6-0672-4C45-AB6B-2D35FDD0C68D}.Release|ARM.ActiveCfg = Release|iPhone
		{7DAA6CD6-0672-4C45-AB6B-2D35FDD0C68D}.Release|ARM.Build.0 = Release|iPhone
		{7DAA6CD6-0672-4C45-AB6B-2D35FDD0C68D}.Release|ARM.Deploy.0 = Release|iPhone
		{7DAA6CD6-0672-4C45-AB6B-2D35FDD0C68D}.Release|iPhone.ActiveCfg = Release|iPhone
		{7DAA6CD6-0672-4C45-AB6B-2D35FDD0C68D}.Release|iPhone.Build.0 = Release|iPhone
		{7DAA6CD6-0672-4C45-AB6B-2D35FDD0C68D}.Release|iPhone.Deploy.0 = Release|iPhone
		{7DAA6CD6-0672-4C45-AB6B-2D35FDD0C68D}.Release|iPhoneSimulator.ActiveCfg = Release|iPhoneSimulator
		{7DAA6CD6-0672-4C45-AB6B-2D35FDD0C68D}.Release|iPhoneSimulator.Build.0 = Release|iPhoneSimulator
		{7DAA6CD6-0672-4C45-AB6B-2D35FDD0C68D}.Release|iPhoneSimulator.Deploy.0 = Release|iPhoneSimulator
		{7DAA6CD6-0672-4C45-AB6B-2D35FDD0C68D}.Release|x64.ActiveCfg = Release|iPhone
		{7DAA6CD6-0672-4C45-AB6B-2D35FDD0C68D}.Release|x64.Build.0 = Release|iPhone
		{7DAA6CD6-0672-4C45-AB6B-2D35FDD0C68D}.Release|x64.Deploy.0 = Release|iPhone
		{7DAA6CD6-0672-4C45-AB6B-2D35FDD0C68D}.Release|x86.ActiveCfg = Release|iPhone
		{7DAA6CD6-0672-4C45-AB6B-2D35FDD0C68D}.Release|x86.Build.0 = Release|iPhone
		{7DAA6CD6-0672-4C45-AB6B-2D35FDD0C68D}.Release|x86.Deploy.0 = Release|iPhone
		{3929FA42-A8BF-46FE-AD5F-A23074B51F4E}.Debug|Any CPU.ActiveCfg = Debug|Any CPU
		{3929FA42-A8BF-46FE-AD5F-A23074B51F4E}.Debug|Any CPU.Build.0 = Debug|Any CPU
		{3929FA42-A8BF-46FE-AD5F-A23074B51F4E}.Debug|Any CPU.Deploy.0 = Debug|Any CPU
		{3929FA42-A8BF-46FE-AD5F-A23074B51F4E}.Debug|ARM.ActiveCfg = Debug|Any CPU
		{3929FA42-A8BF-46FE-AD5F-A23074B51F4E}.Debug|ARM.Build.0 = Debug|Any CPU
		{3929FA42-A8BF-46FE-AD5F-A23074B51F4E}.Debug|ARM.Deploy.0 = Debug|Any CPU
		{3929FA42-A8BF-46FE-AD5F-A23074B51F4E}.Debug|iPhone.ActiveCfg = Debug|Any CPU
		{3929FA42-A8BF-46FE-AD5F-A23074B51F4E}.Debug|iPhone.Build.0 = Debug|Any CPU
		{3929FA42-A8BF-46FE-AD5F-A23074B51F4E}.Debug|iPhone.Deploy.0 = Debug|Any CPU
		{3929FA42-A8BF-46FE-AD5F-A23074B51F4E}.Debug|iPhoneSimulator.ActiveCfg = Debug|Any CPU
		{3929FA42-A8BF-46FE-AD5F-A23074B51F4E}.Debug|iPhoneSimulator.Build.0 = Debug|Any CPU
		{3929FA42-A8BF-46FE-AD5F-A23074B51F4E}.Debug|iPhoneSimulator.Deploy.0 = Debug|Any CPU
		{3929FA42-A8BF-46FE-AD5F-A23074B51F4E}.Debug|x64.ActiveCfg = Debug|Any CPU
		{3929FA42-A8BF-46FE-AD5F-A23074B51F4E}.Debug|x64.Build.0 = Debug|Any CPU
		{3929FA42-A8BF-46FE-AD5F-A23074B51F4E}.Debug|x64.Deploy.0 = Debug|Any CPU
		{3929FA42-A8BF-46FE-AD5F-A23074B51F4E}.Debug|x86.ActiveCfg = Debug|Any CPU
		{3929FA42-A8BF-46FE-AD5F-A23074B51F4E}.Debug|x86.Build.0 = Debug|Any CPU
		{3929FA42-A8BF-46FE-AD5F-A23074B51F4E}.Debug|x86.Deploy.0 = Debug|Any CPU
		{3929FA42-A8BF-46FE-AD5F-A23074B51F4E}.Release|Any CPU.ActiveCfg = Release|Any CPU
		{3929FA42-A8BF-46FE-AD5F-A23074B51F4E}.Release|Any CPU.Build.0 = Release|Any CPU
		{3929FA42-A8BF-46FE-AD5F-A23074B51F4E}.Release|Any CPU.Deploy.0 = Release|Any CPU
		{3929FA42-A8BF-46FE-AD5F-A23074B51F4E}.Release|ARM.ActiveCfg = Release|Any CPU
		{3929FA42-A8BF-46FE-AD5F-A23074B51F4E}.Release|ARM.Build.0 = Release|Any CPU
		{3929FA42-A8BF-46FE-AD5F-A23074B51F4E}.Release|ARM.Deploy.0 = Release|Any CPU
		{3929FA42-A8BF-46FE-AD5F-A23074B51F4E}.Release|iPhone.ActiveCfg = Release|Any CPU
		{3929FA42-A8BF-46FE-AD5F-A23074B51F4E}.Release|iPhone.Build.0 = Release|Any CPU
		{3929FA42-A8BF-46FE-AD5F-A23074B51F4E}.Release|iPhone.Deploy.0 = Release|Any CPU
		{3929FA42-A8BF-46FE-AD5F-A23074B51F4E}.Release|iPhoneSimulator.ActiveCfg = Release|Any CPU
		{3929FA42-A8BF-46FE-AD5F-A23074B51F4E}.Release|iPhoneSimulator.Build.0 = Release|Any CPU
		{3929FA42-A8BF-46FE-AD5F-A23074B51F4E}.Release|iPhoneSimulator.Deploy.0 = Release|Any CPU
		{3929FA42-A8BF-46FE-AD5F-A23074B51F4E}.Release|x64.ActiveCfg = Release|Any CPU
		{3929FA42-A8BF-46FE-AD5F-A23074B51F4E}.Release|x64.Build.0 = Release|Any CPU
		{3929FA42-A8BF-46FE-AD5F-A23074B51F4E}.Release|x64.Deploy.0 = Release|Any CPU
		{3929FA42-A8BF-46FE-AD5F-A23074B51F4E}.Release|x86.ActiveCfg = Release|Any CPU
		{3929FA42-A8BF-46FE-AD5F-A23074B51F4E}.Release|x86.Build.0 = Release|Any CPU
		{3929FA42-A8BF-46FE-AD5F-A23074B51F4E}.Release|x86.Deploy.0 = Release|Any CPU
	EndGlobalSection
	GlobalSection(SolutionProperties) = preSolution
		HideSolutionNode = FALSE
	EndGlobalSection
	GlobalSection(ExtensibilityGlobals) = postSolution
		SolutionGuid = {13913A2C-81A3-4F78-8259-4597DE613EEE}
	EndGlobalSection
EndGlobal
